// !$*UTF8*$!
{
	archiveVersion = 1;
	classes = {
	};
	objectVersion = 46;
	objects = {

/* Begin PBXBuildFile section */
		7D5A17B51E26B94700034C1F /* AppDelegate.swift in Sources */ = {isa = PBXBuildFile; fileRef = 7D5A17B41E26B94700034C1F /* AppDelegate.swift */; };
		7D5A17B71E26B94700034C1F /* ViewController.swift in Sources */ = {isa = PBXBuildFile; fileRef = 7D5A17B61E26B94700034C1F /* ViewController.swift */; };
		7D5A17BA1E26B94700034C1F /* Main.storyboard in Resources */ = {isa = PBXBuildFile; fileRef = 7D5A17B81E26B94700034C1F /* Main.storyboard */; };
		7D5A17BC1E26B94700034C1F /* Assets.xcassets in Resources */ = {isa = PBXBuildFile; fileRef = 7D5A17BB1E26B94700034C1F /* Assets.xcassets */; };
		7D5A17BF1E26B94700034C1F /* LaunchScreen.storyboard in Resources */ = {isa = PBXBuildFile; fileRef = 7D5A17BD1E26B94700034C1F /* LaunchScreen.storyboard */; };
		7D5A17CA1E26B94700034C1F /* MathBoolOpTests.swift in Sources */ = {isa = PBXBuildFile; fileRef = 7D5A17C91E26B94700034C1F /* MathBoolOpTests.swift */; };
		7D5A17D61E26B97400034C1F /* MathMethods.swift in Sources */ = {isa = PBXBuildFile; fileRef = 7D5A17D51E26B97400034C1F /* MathMethods.swift */; };
/* End PBXBuildFile section */

/* Begin PBXContainerItemProxy section */
		7D5A17C61E26B94700034C1F /* PBXContainerItemProxy */ = {
			isa = PBXContainerItemProxy;
			containerPortal = 7D5A17A91E26B94700034C1F /* Project object */;
			proxyType = 1;
			remoteGlobalIDString = 7D5A17B01E26B94700034C1F;
			remoteInfo = MathBoolOp;
		};
/* End PBXContainerItemProxy section */

/* Begin PBXFileReference section */
		7D5A17B11E26B94700034C1F /* MathBoolOp.app */ = {isa = PBXFileReference; explicitFileType = wrapper.application; includeInIndex = 0; path = MathBoolOp.app; sourceTree = BUILT_PRODUCTS_DIR; };
		7D5A17B41E26B94700034C1F /* AppDelegate.swift */ = {isa = PBXFileReference; lastKnownFileType = sourcecode.swift; path = AppDelegate.swift; sourceTree = "<group>"; };
		7D5A17B61E26B94700034C1F /* ViewController.swift */ = {isa = PBXFileReference; lastKnownFileType = sourcecode.swift; path = ViewController.swift; sourceTree = "<group>"; };
		7D5A17B91E26B94700034C1F /* Base */ = {isa = PBXFileReference; lastKnownFileType = file.storyboard; name = Base; path = Base.lproj/Main.storyboard; sourceTree = "<group>"; };
		7D5A17BB1E26B94700034C1F /* Assets.xcassets */ = {isa = PBXFileReference; lastKnownFileType = folder.assetcatalog; path = Assets.xcassets; sourceTree = "<group>"; };
		7D5A17BE1E26B94700034C1F /* Base */ = {isa = PBXFileReference; lastKnownFileType = file.storyboard; name = Base; path = Base.lproj/LaunchScreen.storyboard; sourceTree = "<group>"; };
		7D5A17C01E26B94700034C1F /* Info.plist */ = {isa = PBXFileReference; lastKnownFileType = text.plist.xml; path = Info.plist; sourceTree = "<group>"; };
		7D5A17C51E26B94700034C1F /* MathBoolOpTests.xctest */ = {isa = PBXFileReference; explicitFileType = wrapper.cfbundle; includeInIndex = 0; path = MathBoolOpTests.xctest; sourceTree = BUILT_PRODUCTS_DIR; };
		7D5A17C91E26B94700034C1F /* MathBoolOpTests.swift */ = {isa = PBXFileReference; lastKnownFileType = sourcecode.swift; path = MathBoolOpTests.swift; sourceTree = "<group>"; };
		7D5A17CB1E26B94700034C1F /* Info.plist */ = {isa = PBXFileReference; lastKnownFileType = text.plist.xml; path = Info.plist; sourceTree = "<group>"; };
		7D5A17D51E26B97400034C1F /* MathMethods.swift */ = {isa = PBXFileReference; fileEncoding = 4; lastKnownFileType = sourcecode.swift; path = MathMethods.swift; sourceTree = "<group>"; };
/* End PBXFileReference section */

/* Begin PBXFrameworksBuildPhase section */
		7D5A17AE1E26B94700034C1F /* Frameworks */ = {
			isa = PBXFrameworksBuildPhase;
			buildActionMask = 2147483647;
			files = (
			);
			runOnlyForDeploymentPostprocessing = 0;
		};
		7D5A17C21E26B94700034C1F /* Frameworks */ = {
			isa = PBXFrameworksBuildPhase;
			buildActionMask = 2147483647;
			files = (
			);
			runOnlyForDeploymentPostprocessing = 0;
		};
/* End PBXFrameworksBuildPhase section */

/* Begin PBXGroup section */
		7D5A17A81E26B94700034C1F = {
			isa = PBXGroup;
			children = (
				7D5A17B31E26B94700034C1F /* MathBoolOp */,
				7D5A17C81E26B94700034C1F /* MathBoolOpTests */,
				7D5A17B21E26B94700034C1F /* Products */,
			);
			sourceTree = "<group>";
		};
		7D5A17B21E26B94700034C1F /* Products */ = {
			isa = PBXGroup;
			children = (
				7D5A17B11E26B94700034C1F /* MathBoolOp.app */,
				7D5A17C51E26B94700034C1F /* MathBoolOpTests.xctest */,
			);
			name = Products;
			sourceTree = "<group>";
		};
		7D5A17B31E26B94700034C1F /* MathBoolOp */ = {
			isa = PBXGroup;
			children = (
				7D5A17D41E26B95400034C1F /* Supporting Files */,
				7D5A17D51E26B97400034C1F /* MathMethods.swift */,
			);
			path = MathBoolOp;
			sourceTree = "<group>";
		};
		7D5A17C81E26B94700034C1F /* MathBoolOpTests */ = {
			isa = PBXGroup;
			children = (
				7D5A17C91E26B94700034C1F /* MathBoolOpTests.swift */,
				7D5A17CB1E26B94700034C1F /* Info.plist */,
			);
			path = MathBoolOpTests;
			sourceTree = "<group>";
		};
		7D5A17D41E26B95400034C1F /* Supporting Files */ = {
			isa = PBXGroup;
			children = (
				7D5A17B41E26B94700034C1F /* AppDelegate.swift */,
				7D5A17B61E26B94700034C1F /* ViewController.swift */,
				7D5A17B81E26B94700034C1F /* Main.storyboard */,
				7D5A17BB1E26B94700034C1F /* Assets.xcassets */,
				7D5A17BD1E26B94700034C1F /* LaunchScreen.storyboard */,
				7D5A17C01E26B94700034C1F /* Info.plist */,
			);
			name = "Supporting Files";
			sourceTree = "<group>";
		};
/* End PBXGroup section */

/* Begin PBXNativeTarget section */
		7D5A17B01E26B94700034C1F /* MathBoolOp */ = {
			isa = PBXNativeTarget;
			buildConfigurationList = 7D5A17CE1E26B94700034C1F /* Build configuration list for PBXNativeTarget "MathBoolOp" */;
			buildPhases = (
				7D5A17AD1E26B94700034C1F /* Sources */,
				7D5A17AE1E26B94700034C1F /* Frameworks */,
				7D5A17AF1E26B94700034C1F /* Resources */,
			);
			buildRules = (
			);
			dependencies = (
			);
			name = MathBoolOp;
			productName = MathBoolOp;
			productReference = 7D5A17B11E26B94700034C1F /* MathBoolOp.app */;
			productType = "com.apple.product-type.application";
		};
		7D5A17C41E26B94700034C1F /* MathBoolOpTests */ = {
			isa = PBXNativeTarget;
			buildConfigurationList = 7D5A17D11E26B94700034C1F /* Build configuration list for PBXNativeTarget "MathBoolOpTests" */;
			buildPhases = (
				7D5A17C11E26B94700034C1F /* Sources */,
				7D5A17C21E26B94700034C1F /* Frameworks */,
				7D5A17C31E26B94700034C1F /* Resources */,
			);
			buildRules = (
			);
			dependencies = (
				7D5A17C71E26B94700034C1F /* PBXTargetDependency */,
			);
			name = MathBoolOpTests;
			productName = MathBoolOpTests;
			productReference = 7D5A17C51E26B94700034C1F /* MathBoolOpTests.xctest */;
			productType = "com.apple.product-type.bundle.unit-test";
		};
/* End PBXNativeTarget section */

/* Begin PBXProject section */
		7D5A17A91E26B94700034C1F /* Project object */ = {
			isa = PBXProject;
			attributes = {
				LastSwiftUpdateCheck = 0820;
				LastUpgradeCheck = 0820;
				ORGANIZATIONNAME = "Jim Campagno";
				TargetAttributes = {
					7D5A17B01E26B94700034C1F = {
						CreatedOnToolsVersion = 8.2.1;
						ProvisioningStyle = Automatic;
					};
					7D5A17C41E26B94700034C1F = {
						CreatedOnToolsVersion = 8.2.1;
						ProvisioningStyle = Automatic;
						TestTargetID = 7D5A17B01E26B94700034C1F;
					};
				};
			};
			buildConfigurationList = 7D5A17AC1E26B94700034C1F /* Build configuration list for PBXProject "MathBoolOp" */;
			compatibilityVersion = "Xcode 3.2";
			developmentRegion = English;
			hasScannedForEncodings = 0;
			knownRegions = (
				en,
				Base,
			);
			mainGroup = 7D5A17A81E26B94700034C1F;
			productRefGroup = 7D5A17B21E26B94700034C1F /* Products */;
			projectDirPath = "";
			projectRoot = "";
			targets = (
				7D5A17B01E26B94700034C1F /* MathBoolOp */,
				7D5A17C41E26B94700034C1F /* MathBoolOpTests */,
			);
		};
/* End PBXProject section */

/* Begin PBXResourcesBuildPhase section */
		7D5A17AF1E26B94700034C1F /* Resources */ = {
			isa = PBXResourcesBuildPhase;
			buildActionMask = 2147483647;
			files = (
				7D5A17BF1E26B94700034C1F /* LaunchScreen.storyboard in Resources */,
				7D5A17BC1E26B94700034C1F /* Assets.xcassets in Resources */,
				7D5A17BA1E26B94700034C1F /* Main.storyboard in Resources */,
			);
			runOnlyForDeploymentPostprocessing = 0;
		};
		7D5A17C31E26B94700034C1F /* Resources */ = {
			isa = PBXResourcesBuildPhase;
			buildActionMask = 2147483647;
			files = (
			);
			runOnlyForDeploymentPostprocessing = 0;
		};
/* End PBXResourcesBuildPhase section */

/* Begin PBXSourcesBuildPhase section */
		7D5A17AD1E26B94700034C1F /* Sources */ = {
			isa = PBXSourcesBuildPhase;
			buildActionMask = 2147483647;
			files = (
				7D5A17D61E26B97400034C1F /* MathMethods.swift in Sources */,
				7D5A17B71E26B94700034C1F /* ViewController.swift in Sources */,
				7D5A17B51E26B94700034C1F /* AppDelegate.swift in Sources */,
			);
			runOnlyForDeploymentPostprocessing = 0;
		};
		7D5A17C11E26B94700034C1F /* Sources */ = {
			isa = PBXSourcesBuildPhase;
			buildActionMask = 2147483647;
			files = (
				7D5A17CA1E26B94700034C1F /* MathBoolOpTests.swift in Sources */,
			);
			runOnlyForDeploymentPostprocessing = 0;
		};
/* End PBXSourcesBuildPhase section */

/* Begin PBXTargetDependency section */
		7D5A17C71E26B94700034C1F /* PBXTargetDependency */ = {
			isa = PBXTargetDependency;
			target = 7D5A17B01E26B94700034C1F /* MathBoolOp */;
			targetProxy = 7D5A17C61E26B94700034C1F /* PBXContainerItemProxy */;
		};
/* End PBXTargetDependency section */

/* Begin PBXVariantGroup section */
		7D5A17B81E26B94700034C1F /* Main.storyboard */ = {
			isa = PBXVariantGroup;
			children = (
				7D5A17B91E26B94700034C1F /* Base */,
			);
			name = Main.storyboard;
			sourceTree = "<group>";
		};
		7D5A17BD1E26B94700034C1F /* LaunchScreen.storyboard */ = {
			isa = PBXVariantGroup;
			children = (
				7D5A17BE1E26B94700034C1F /* Base */,
			);
			name = LaunchScreen.storyboard;
			sourceTree = "<group>";
		};
/* End PBXVariantGroup section */

/* Begin XCBuildConfiguration section */
		7D5A17CC1E26B94700034C1F /* Debug */ = {
			isa = XCBuildConfiguration;
			buildSettings = {
				ALWAYS_SEARCH_USER_PATHS = NO;
				CLANG_ANALYZER_NONNULL = YES;
				CLANG_CXX_LANGUAGE_STANDARD = "gnu++0x";
				CLANG_CXX_LIBRARY = "libc++";
				CLANG_ENABLE_MODULES = YES;
				CLANG_ENABLE_OBJC_ARC = YES;
				CLANG_WARN_BOOL_CONVERSION = YES;
				CLANG_WARN_CONSTANT_CONVERSION = YES;
				CLANG_WARN_DIRECT_OBJC_ISA_USAGE = YES_ERROR;
				CLANG_WARN_DOCUMENTATION_COMMENTS = YES;
				CLANG_WARN_EMPTY_BODY = YES;
				CLANG_WARN_ENUM_CONVERSION = YES;
				CLANG_WARN_INFINITE_RECURSION = YES;
				CLANG_WARN_INT_CONVERSION = YES;
				CLANG_WARN_OBJC_ROOT_CLASS = YES_ERROR;
				CLANG_WARN_SUSPICIOUS_MOVE = YES;
				CLANG_WARN_UNREACHABLE_CODE = YES;
				CLANG_WARN__DUPLICATE_METHOD_MATCH = YES;
				"CODE_SIGN_IDENTITY[sdk=iphoneos*]" = "iPhone Developer";
				COPY_PHASE_STRIP = NO;
				DEBUG_INFORMATION_FORMAT = dwarf;
				ENABLE_STRICT_OBJC_MSGSEND = YES;
				ENABLE_TESTABILITY = YES;
				GCC_C_LANGUAGE_STANDARD = gnu99;
				GCC_DYNAMIC_NO_PIC = NO;
				GCC_NO_COMMON_BLOCKS = YES;
				GCC_OPTIMIZATION_LEVEL = 0;
				GCC_PREPROCESSOR_DEFINITIONS = (
					"DEBUG=1",
					"$(inherited)",
				);
				GCC_WARN_64_TO_32_BIT_CONVERSION = YES;
				GCC_WARN_ABOUT_RETURN_TYPE = YES_ERROR;
				GCC_WARN_UNDECLARED_SELECTOR = YES;
				GCC_WARN_UNINITIALIZED_AUTOS = YES_AGGRESSIVE;
				GCC_WARN_UNUSED_FUNCTION = YES;
				GCC_WARN_UNUSED_VARIABLE = YES;
				IPHONEOS_DEPLOYMENT_TARGET = 10.2;
				MTL_ENABLE_DEBUG_INFO = YES;
				ONLY_ACTIVE_ARCH = YES;
				SDKROOT = iphoneos;
				SWIFT_ACTIVE_COMPILATION_CONDITIONS = DEBUG;
				SWIFT_OPTIMIZATION_LEVEL = "-Onone";
			};
			name = Debug;
		};
		7D5A17CD1E26B94700034C1F /* Release */ = {
			isa = XCBuildConfiguration;
			buildSettings = {
				ALWAYS_SEARCH_USER_PATHS = NO;
				CLANG_ANALYZER_NONNULL = YES;
				CLANG_CXX_LANGUAGE_STANDARD = "gnu++0x";
				CLANG_CXX_LIBRARY = "libc++";
				CLANG_ENABLE_MODULES = YES;
				CLANG_ENABLE_OBJC_ARC = YES;
				CLANG_WARN_BOOL_CONVERSION = YES;
				CLANG_WARN_CONSTANT_CONVERSION = YES;
				CLANG_WARN_DIRECT_OBJC_ISA_USAGE = YES_ERROR;
				CLANG_WARN_DOCUMENTATION_COMMENTS = YES;
				CLANG_WARN_EMPTY_BODY = YES;
				CLANG_WARN_ENUM_CONVERSION = YES;
				CLANG_WARN_INFINITE_RECURSION = YES;
				CLANG_WARN_INT_CONVERSION = YES;
				CLANG_WARN_OBJC_ROOT_CLASS = YES_ERROR;
				CLANG_WARN_SUSPICIOUS_MOVE = YES;
				CLANG_WARN_UNREACHABLE_CODE = YES;
				CLANG_WARN__DUPLICATE_METHOD_MATCH = YES;
				"CODE_SIGN_IDENTITY[sdk=iphoneos*]" = "iPhone Developer";
				COPY_PHASE_STRIP = NO;
				DEBUG_INFORMATION_FORMAT = "dwarf-with-dsym";
				ENABLE_NS_ASSERTIONS = NO;
				ENABLE_STRICT_OBJC_MSGSEND = YES;
				GCC_C_LANGUAGE_STANDARD = gnu99;
				GCC_NO_COMMON_BLOCKS = YES;
				GCC_WARN_64_TO_32_BIT_CONVERSION = YES;
				GCC_WARN_ABOUT_RETURN_TYPE = YES_ERROR;
				GCC_WARN_UNDECLARED_SELECTOR = YES;
				GCC_WARN_UNINITIALIZED_AUTOS = YES_AGGRESSIVE;
				GCC_WARN_UNUSED_FUNCTION = YES;
				GCC_WARN_UNUSED_VARIABLE = YES;
				IPHONEOS_DEPLOYMENT_TARGET = 10.2;
				MTL_ENABLE_DEBUG_INFO = NO;
				SDKROOT = iphoneos;
				SWIFT_OPTIMIZATION_LEVEL = "-Owholemodule";
				VALIDATE_PRODUCT = YES;
			};
			name = Release;
		};
		7D5A17CF1E26B94700034C1F /* Debug */ = {
			isa = XCBuildConfiguration;
			buildSettings = {
				ASSETCATALOG_COMPILER_APPICON_NAME = AppIcon;
				INFOPLIST_FILE = MathBoolOp/Info.plist;
				LD_RUNPATH_SEARCH_PATHS = "$(inherited) @executable_path/Frameworks";
				PRODUCT_BUNDLE_IDENTIFIER = com.JimCampagno.Swift.MathBoolOp;
				PRODUCT_NAME = "$(TARGET_NAME)";
				SWIFT_VERSION = 3.0;
			};
			name = Debug;
		};
		7D5A17D01E26B94700034C1F /* Release */ = {
			isa = XCBuildConfiguration;
			buildSettings = {
				ASSETCATALOG_COMPILER_APPICON_NAME = AppIcon;
				INFOPLIST_FILE = MathBoolOp/Info.plist;
				LD_RUNPATH_SEARCH_PATHS = "$(inherited) @executable_path/Frameworks";
				PRODUCT_BUNDLE_IDENTIFIER = com.JimCampagno.Swift.MathBoolOp;
				PRODUCT_NAME = "$(TARGET_NAME)";
				SWIFT_VERSION = 3.0;
			};
			name = Release;
		};
		7D5A17D21E26B94700034C1F /* Debug */ = {
			isa = XCBuildConfiguration;
			buildSettings = {
				ALWAYS_EMBED_SWIFT_STANDARD_LIBRARIES = YES;
				BUNDLE_LOADER = "$(TEST_HOST)";
				INFOPLIST_FILE = MathBoolOpTests/Info.plist;
				LD_RUNPATH_SEARCH_PATHS = "$(inherited) @executable_path/Frameworks @loader_path/Frameworks";
				PRODUCT_BUNDLE_IDENTIFIER = com.JimCampagno.Swift.MathBoolOpTests;
				PRODUCT_NAME = "$(TARGET_NAME)";
				SWIFT_VERSION = 3.0;
				TEST_HOST = "$(BUILT_PRODUCTS_DIR)/MathBoolOp.app/MathBoolOp";
			};
			name = Debug;
		};
		7D5A17D31E26B94700034C1F /* Release */ = {
			isa = XCBuildConfiguration;
			buildSettings = {
				ALWAYS_EMBED_SWIFT_STANDARD_LIBRARIES = YES;
				BUNDLE_LOADER = "$(TEST_HOST)";
				INFOPLIST_FILE = MathBoolOpTests/Info.plist;
				LD_RUNPATH_SEARCH_PATHS = "$(inherited) @executable_path/Frameworks @loader_path/Frameworks";
				PRODUCT_BUNDLE_IDENTIFIER = com.JimCampagno.Swift.MathBoolOpTests;
				PRODUCT_NAME = "$(TARGET_NAME)";
				SWIFT_VERSION = 3.0;
				TEST_HOST = "$(BUILT_PRODUCTS_DIR)/MathBoolOp.app/MathBoolOp";
			};
			name = Release;
		};
/* End XCBuildConfiguration section */

/* Begin XCConfigurationList section */
		7D5A17AC1E26B94700034C1F /* Build configuration list for PBXProject "MathBoolOp" */ = {
			isa = XCConfigurationList;
			buildConfigurations = (
				7D5A17CC1E26B94700034C1F /* Debug */,
				7D5A17CD1E26B94700034C1F /* Release */,
			);
			defaultConfigurationIsVisible = 0;
			defaultConfigurationName = Release;
		};
		7D5A17CE1E26B94700034C1F /* Build configuration list for PBXNativeTarget "MathBoolOp" */ = {
			isa = XCConfigurationList;
			buildConfigurations = (
				7D5A17CF1E26B94700034C1F /* Debug */,
				7D5A17D01E26B94700034C1F /* Release */,
			);
			defaultConfigurationIsVisible = 0;
		};
		7D5A17D11E26B94700034C1F /* Build configuration list for PBXNativeTarget "MathBoolOpTests" */ = {
			isa = XCConfigurationList;
			buildConfigurations = (
				7D5A17D21E26B94700034C1F /* Debug */,
				7D5A17D31E26B94700034C1F /* Release */,
			);
			defaultConfigurationIsVisible = 0;
		};
/* End XCConfigurationList section */
	};
	rootObject = 7D5A17A91E26B94700034C1F /* Project object */;
}
